// !$*UTF8*$!
{
	archiveVersion = 1;
	classes = {
	};
	objectVersion = 46;
	objects = {

/* Begin PBXBuildFile section */
		A50C5DDB1BFBB3C2003E3516 /* UIAlertController+Extras.swift in Sources */ = {isa = PBXBuildFile; fileRef = A50C5DDA1BFBB3C2003E3516 /* UIAlertController+Extras.swift */; };
		A50C5DE21BFBBCAC003E3516 /* LunchtimeNotification.m in Sources */ = {isa = PBXBuildFile; fileRef = A50C5DE11BFBBCAC003E3516 /* LunchtimeNotification.m */; };
		A51E60841BFE4EC800F65055 /* LunchtimeGeocoder.swift in Sources */ = {isa = PBXBuildFile; fileRef = A51E60831BFE4EC800F65055 /* LunchtimeGeocoder.swift */; };
		A535BA441BFD205E005F93F4 /* CurrentRestaurantView.xib in Resources */ = {isa = PBXBuildFile; fileRef = A535BA421BFD205E005F93F4 /* CurrentRestaurantView.xib */; };
		A535BA471BFD2913005F93F4 /* CurrentRestaurantView.m in Sources */ = {isa = PBXBuildFile; fileRef = A535BA461BFD2913005F93F4 /* CurrentRestaurantView.m */; };
		A55FBB881BF930C200C30763 /* PreviousDaysTableViewController.m in Sources */ = {isa = PBXBuildFile; fileRef = A55FBB871BF930C200C30763 /* PreviousDaysTableViewController.m */; };
		A55FBB8C1BF94CF800C30763 /* LunchtimeLocationManager.m in Sources */ = {isa = PBXBuildFile; fileRef = A55FBB8B1BF94CF800C30763 /* LunchtimeLocationManager.m */; };
		A55FBBCD1BFA817F00C30763 /* LunchtimeMaps.m in Sources */ = {isa = PBXBuildFile; fileRef = A55FBBCC1BFA817F00C30763 /* LunchtimeMaps.m */; };
		A55FBBD01BFA934B00C30763 /* PreviousDaysMapViewController.m in Sources */ = {isa = PBXBuildFile; fileRef = A55FBBCF1BFA934B00C30763 /* PreviousDaysMapViewController.m */; };
		A55FBBD31BFAA42300C30763 /* Restaurant.m in Sources */ = {isa = PBXBuildFile; fileRef = A55FBBD21BFAA42300C30763 /* Restaurant.m */; };
		A55FBBD71BFAA43900C30763 /* FoursquareAPI.m in Sources */ = {isa = PBXBuildFile; fileRef = A55FBBD61BFAA43900C30763 /* FoursquareAPI.m */; };
		A55FBBDE1BFAD56A00C30763 /* Realm+Convenience.m in Sources */ = {isa = PBXBuildFile; fileRef = A55FBBDD1BFAD56A00C30763 /* Realm+Convenience.m */; };
		A575591F1BFD502800BD8E37 /* EnjoyNotification.swift in Sources */ = {isa = PBXBuildFile; fileRef = A575591E1BFD502800BD8E37 /* EnjoyNotification.swift */; };
		A57559211BFD52B600BD8E37 /* SetupPageViewController.swift in Sources */ = {isa = PBXBuildFile; fileRef = A57559201BFD52B600BD8E37 /* SetupPageViewController.swift */; };
		A57559241BFD5EF000BD8E37 /* SetupPageFirstViewController.swift in Sources */ = {isa = PBXBuildFile; fileRef = A57559231BFD5EF000BD8E37 /* SetupPageFirstViewController.swift */; };
		A57559261BFD5F8600BD8E37 /* SetupPageSecondViewController.swift in Sources */ = {isa = PBXBuildFile; fileRef = A57559251BFD5F8600BD8E37 /* SetupPageSecondViewController.swift */; };
		A57559281BFD658F00BD8E37 /* SetupPageThirdViewController.swift in Sources */ = {isa = PBXBuildFile; fileRef = A57559271BFD658F00BD8E37 /* SetupPageThirdViewController.swift */; };
		A575592A1BFD665800BD8E37 /* SetupPageFourthViewController.swift in Sources */ = {isa = PBXBuildFile; fileRef = A57559291BFD665800BD8E37 /* SetupPageFourthViewController.swift */; };
		A575592C1BFD670500BD8E37 /* SetupPageFifthViewController.swift in Sources */ = {isa = PBXBuildFile; fileRef = A575592B1BFD670500BD8E37 /* SetupPageFifthViewController.swift */; };
		A575592E1BFD68E400BD8E37 /* SetupPageSixthViewController.swift in Sources */ = {isa = PBXBuildFile; fileRef = A575592D1BFD68E400BD8E37 /* SetupPageSixthViewController.swift */; };
		A57559301BFD6D5A00BD8E37 /* UIColor+Lunchtime.swift in Sources */ = {isa = PBXBuildFile; fileRef = A575592F1BFD6D5A00BD8E37 /* UIColor+Lunchtime.swift */; };
		A57559321BFD6E2700BD8E37 /* LunchtimeTableViewCell.swift in Sources */ = {isa = PBXBuildFile; fileRef = A57559311BFD6E2700BD8E37 /* LunchtimeTableViewCell.swift */; };
		A5C074771BF6C8D900F23533 /* main.m in Sources */ = {isa = PBXBuildFile; fileRef = A5C074761BF6C8D900F23533 /* main.m */; };
		A5C0747A1BF6C8D900F23533 /* AppDelegate.m in Sources */ = {isa = PBXBuildFile; fileRef = A5C074791BF6C8D900F23533 /* AppDelegate.m */; };
		A5C074801BF6C8D900F23533 /* Main.storyboard in Resources */ = {isa = PBXBuildFile; fileRef = A5C0747E1BF6C8D900F23533 /* Main.storyboard */; };
		A5C074821BF6C8D900F23533 /* Assets.xcassets in Resources */ = {isa = PBXBuildFile; fileRef = A5C074811BF6C8D900F23533 /* Assets.xcassets */; };
		A5C074851BF6C8D900F23533 /* LaunchScreen.storyboard in Resources */ = {isa = PBXBuildFile; fileRef = A5C074831BF6C8D900F23533 /* LaunchScreen.storyboard */; };
		A5C074901BF6C8D900F23533 /* LunchtimeTests.m in Sources */ = {isa = PBXBuildFile; fileRef = A5C0748F1BF6C8D900F23533 /* LunchtimeTests.m */; };
		A5C0749E1BF6CA5F00F23533 /* Setup.storyboard in Resources */ = {isa = PBXBuildFile; fileRef = A5C0749C1BF6CA5F00F23533 /* Setup.storyboard */; };
		A5CE1B891BFBE901001B675E /* ConfigurationViewController.m in Sources */ = {isa = PBXBuildFile; fileRef = A5CE1B881BFBE901001B675E /* ConfigurationViewController.m */; };
		A5E105991BF6DB2500C71023 /* HomeViewController.m in Sources */ = {isa = PBXBuildFile; fileRef = A5E105961BF6DB2500C71023 /* HomeViewController.m */; };
		A5E105A41BF6F1AA00C71023 /* User.m in Sources */ = {isa = PBXBuildFile; fileRef = A5E105A31BF6F1AA00C71023 /* User.m */; };
		A5E105AA1BF7C95600C71023 /* MapKit.framework in Frameworks */ = {isa = PBXBuildFile; fileRef = A5E105A91BF7C95600C71023 /* MapKit.framework */; };
		A5F24A331BFE9A0800622940 /* CategoryPopoverViewController.swift in Sources */ = {isa = PBXBuildFile; fileRef = A5F24A321BFE9A0800622940 /* CategoryPopoverViewController.swift */; };
		FA2594B21BFA77C10083F624 /* Realm.framework in Frameworks */ = {isa = PBXBuildFile; fileRef = FA2594B11BFA77C10083F624 /* Realm.framework */; };
/* End PBXBuildFile section */

/* Begin PBXContainerItemProxy section */
		A5C0748C1BF6C8D900F23533 /* PBXContainerItemProxy */ = {
			isa = PBXContainerItemProxy;
			containerPortal = A5C0746A1BF6C8D900F23533 /* Project object */;
			proxyType = 1;
			remoteGlobalIDString = A5C074711BF6C8D900F23533;
			remoteInfo = Lunchtime;
		};
/* End PBXContainerItemProxy section */

/* Begin PBXFileReference section */
		A50C5DDA1BFBB3C2003E3516 /* UIAlertController+Extras.swift */ = {isa = PBXFileReference; fileEncoding = 4; lastKnownFileType = sourcecode.swift; name = "UIAlertController+Extras.swift"; path = "Lib/UIAlertController+Extras.swift"; sourceTree = "<group>"; };
		A50C5DE01BFBBCAC003E3516 /* LunchtimeNotification.h */ = {isa = PBXFileReference; fileEncoding = 4; lastKnownFileType = sourcecode.c.h; name = LunchtimeNotification.h; path = Model/Notification/LunchtimeNotification.h; sourceTree = "<group>"; };
		A50C5DE11BFBBCAC003E3516 /* LunchtimeNotification.m */ = {isa = PBXFileReference; fileEncoding = 4; lastKnownFileType = sourcecode.c.objc; name = LunchtimeNotification.m; path = Model/Notification/LunchtimeNotification.m; sourceTree = "<group>"; };
		A51E60831BFE4EC800F65055 /* LunchtimeGeocoder.swift */ = {isa = PBXFileReference; fileEncoding = 4; lastKnownFileType = sourcecode.swift; name = LunchtimeGeocoder.swift; path = Model/Location/LunchtimeGeocoder.swift; sourceTree = "<group>"; };
		A535BA431BFD205E005F93F4 /* Base */ = {isa = PBXFileReference; lastKnownFileType = file.xib; name = Base; path = Base.lproj/CurrentRestaurantView.xib; sourceTree = "<group>"; };
		A535BA451BFD2913005F93F4 /* CurrentRestaurantView.h */ = {isa = PBXFileReference; fileEncoding = 4; lastKnownFileType = sourcecode.c.h; name = CurrentRestaurantView.h; path = View/CurrentRestaurantView.h; sourceTree = "<group>"; };
		A535BA461BFD2913005F93F4 /* CurrentRestaurantView.m */ = {isa = PBXFileReference; fileEncoding = 4; lastKnownFileType = sourcecode.c.objc; name = CurrentRestaurantView.m; path = View/CurrentRestaurantView.m; sourceTree = "<group>"; };
		A55FBB861BF930C200C30763 /* PreviousDaysTableViewController.h */ = {isa = PBXFileReference; fileEncoding = 4; lastKnownFileType = sourcecode.c.h; name = PreviousDaysTableViewController.h; path = Controller/PreviousDaysTableViewController.h; sourceTree = "<group>"; };
		A55FBB871BF930C200C30763 /* PreviousDaysTableViewController.m */ = {isa = PBXFileReference; fileEncoding = 4; lastKnownFileType = sourcecode.c.objc; name = PreviousDaysTableViewController.m; path = Controller/PreviousDaysTableViewController.m; sourceTree = "<group>"; };
		A55FBB8A1BF94CF800C30763 /* LunchtimeLocationManager.h */ = {isa = PBXFileReference; fileEncoding = 4; lastKnownFileType = sourcecode.c.h; name = LunchtimeLocationManager.h; path = Model/Location/LunchtimeLocationManager.h; sourceTree = "<group>"; };
		A55FBB8B1BF94CF800C30763 /* LunchtimeLocationManager.m */ = {isa = PBXFileReference; fileEncoding = 4; lastKnownFileType = sourcecode.c.objc; name = LunchtimeLocationManager.m; path = Model/Location/LunchtimeLocationManager.m; sourceTree = "<group>"; };
		A55FBBCB1BFA817F00C30763 /* LunchtimeMaps.h */ = {isa = PBXFileReference; fileEncoding = 4; lastKnownFileType = sourcecode.c.h; name = LunchtimeMaps.h; path = Model/Location/LunchtimeMaps.h; sourceTree = "<group>"; };
		A55FBBCC1BFA817F00C30763 /* LunchtimeMaps.m */ = {isa = PBXFileReference; fileEncoding = 4; lastKnownFileType = sourcecode.c.objc; name = LunchtimeMaps.m; path = Model/Location/LunchtimeMaps.m; sourceTree = "<group>"; };
		A55FBBCE1BFA934B00C30763 /* PreviousDaysMapViewController.h */ = {isa = PBXFileReference; fileEncoding = 4; lastKnownFileType = sourcecode.c.h; name = PreviousDaysMapViewController.h; path = Controller/PreviousDaysMapViewController.h; sourceTree = "<group>"; };
		A55FBBCF1BFA934B00C30763 /* PreviousDaysMapViewController.m */ = {isa = PBXFileReference; fileEncoding = 4; lastKnownFileType = sourcecode.c.objc; name = PreviousDaysMapViewController.m; path = Controller/PreviousDaysMapViewController.m; sourceTree = "<group>"; };
		A55FBBD11BFAA42300C30763 /* Restaurant.h */ = {isa = PBXFileReference; fileEncoding = 4; lastKnownFileType = sourcecode.c.h; name = Restaurant.h; path = Model/Restaurant.h; sourceTree = "<group>"; };
		A55FBBD21BFAA42300C30763 /* Restaurant.m */ = {isa = PBXFileReference; fileEncoding = 4; lastKnownFileType = sourcecode.c.objc; name = Restaurant.m; path = Model/Restaurant.m; sourceTree = "<group>"; };
		A55FBBD51BFAA43900C30763 /* FoursquareAPI.h */ = {isa = PBXFileReference; fileEncoding = 4; lastKnownFileType = sourcecode.c.h; name = FoursquareAPI.h; path = Model/API/FoursquareAPI.h; sourceTree = "<group>"; };
		A55FBBD61BFAA43900C30763 /* FoursquareAPI.m */ = {isa = PBXFileReference; fileEncoding = 4; lastKnownFileType = sourcecode.c.objc; name = FoursquareAPI.m; path = Model/API/FoursquareAPI.m; sourceTree = "<group>"; };
		A55FBBDC1BFAD56A00C30763 /* Realm+Convenience.h */ = {isa = PBXFileReference; fileEncoding = 4; lastKnownFileType = sourcecode.c.h; name = "Realm+Convenience.h"; path = "Model/Convenience/Realm+Convenience.h"; sourceTree = "<group>"; };
		A55FBBDD1BFAD56A00C30763 /* Realm+Convenience.m */ = {isa = PBXFileReference; fileEncoding = 4; lastKnownFileType = sourcecode.c.objc; name = "Realm+Convenience.m"; path = "Model/Convenience/Realm+Convenience.m"; sourceTree = "<group>"; };
		A575591E1BFD502800BD8E37 /* EnjoyNotification.swift */ = {isa = PBXFileReference; fileEncoding = 4; lastKnownFileType = sourcecode.swift; name = EnjoyNotification.swift; path = Model/Notification/EnjoyNotification.swift; sourceTree = "<group>"; };
		A57559201BFD52B600BD8E37 /* SetupPageViewController.swift */ = {isa = PBXFileReference; fileEncoding = 4; lastKnownFileType = sourcecode.swift; name = SetupPageViewController.swift; path = Controller/SetupPageViewController.swift; sourceTree = "<group>"; };
		A57559221BFD52EE00BD8E37 /* Lunchtime-Bridging-Header.h */ = {isa = PBXFileReference; lastKnownFileType = sourcecode.c.h; path = "Lunchtime-Bridging-Header.h"; sourceTree = "<group>"; };
		A57559231BFD5EF000BD8E37 /* SetupPageFirstViewController.swift */ = {isa = PBXFileReference; fileEncoding = 4; lastKnownFileType = sourcecode.swift; name = SetupPageFirstViewController.swift; path = Controller/SetupPageFirstViewController.swift; sourceTree = "<group>"; };
		A57559251BFD5F8600BD8E37 /* SetupPageSecondViewController.swift */ = {isa = PBXFileReference; fileEncoding = 4; lastKnownFileType = sourcecode.swift; name = SetupPageSecondViewController.swift; path = Controller/SetupPageSecondViewController.swift; sourceTree = "<group>"; };
		A57559271BFD658F00BD8E37 /* SetupPageThirdViewController.swift */ = {isa = PBXFileReference; fileEncoding = 4; lastKnownFileType = sourcecode.swift; name = SetupPageThirdViewController.swift; path = Controller/SetupPageThirdViewController.swift; sourceTree = "<group>"; };
		A57559291BFD665800BD8E37 /* SetupPageFourthViewController.swift */ = {isa = PBXFileReference; fileEncoding = 4; lastKnownFileType = sourcecode.swift; name = SetupPageFourthViewController.swift; path = Controller/SetupPageFourthViewController.swift; sourceTree = "<group>"; };
		A575592B1BFD670500BD8E37 /* SetupPageFifthViewController.swift */ = {isa = PBXFileReference; fileEncoding = 4; lastKnownFileType = sourcecode.swift; name = SetupPageFifthViewController.swift; path = Controller/SetupPageFifthViewController.swift; sourceTree = "<group>"; };
		A575592D1BFD68E400BD8E37 /* SetupPageSixthViewController.swift */ = {isa = PBXFileReference; fileEncoding = 4; lastKnownFileType = sourcecode.swift; name = SetupPageSixthViewController.swift; path = Controller/SetupPageSixthViewController.swift; sourceTree = "<group>"; };
		A575592F1BFD6D5A00BD8E37 /* UIColor+Lunchtime.swift */ = {isa = PBXFileReference; fileEncoding = 4; lastKnownFileType = sourcecode.swift; name = "UIColor+Lunchtime.swift"; path = "View/Helper/UIColor+Lunchtime.swift"; sourceTree = "<group>"; };
		A57559311BFD6E2700BD8E37 /* LunchtimeTableViewCell.swift */ = {isa = PBXFileReference; fileEncoding = 4; lastKnownFileType = sourcecode.swift; name = LunchtimeTableViewCell.swift; path = View/LunchtimeTableViewCell.swift; sourceTree = "<group>"; };
		A5C074721BF6C8D900F23533 /* Lunchtime.app */ = {isa = PBXFileReference; explicitFileType = wrapper.application; includeInIndex = 0; path = Lunchtime.app; sourceTree = BUILT_PRODUCTS_DIR; };
		A5C074761BF6C8D900F23533 /* main.m */ = {isa = PBXFileReference; lastKnownFileType = sourcecode.c.objc; path = main.m; sourceTree = "<group>"; };
		A5C074781BF6C8D900F23533 /* AppDelegate.h */ = {isa = PBXFileReference; lastKnownFileType = sourcecode.c.h; path = AppDelegate.h; sourceTree = "<group>"; };
		A5C074791BF6C8D900F23533 /* AppDelegate.m */ = {isa = PBXFileReference; lastKnownFileType = sourcecode.c.objc; path = AppDelegate.m; sourceTree = "<group>"; };
		A5C0747F1BF6C8D900F23533 /* Base */ = {isa = PBXFileReference; lastKnownFileType = file.storyboard; name = Base; path = Base.lproj/Main.storyboard; sourceTree = "<group>"; };
		A5C074811BF6C8D900F23533 /* Assets.xcassets */ = {isa = PBXFileReference; lastKnownFileType = folder.assetcatalog; path = Assets.xcassets; sourceTree = "<group>"; };
		A5C074841BF6C8D900F23533 /* Base */ = {isa = PBXFileReference; lastKnownFileType = file.storyboard; name = Base; path = Base.lproj/LaunchScreen.storyboard; sourceTree = "<group>"; };
		A5C074861BF6C8D900F23533 /* Info.plist */ = {isa = PBXFileReference; lastKnownFileType = text.plist.xml; path = Info.plist; sourceTree = "<group>"; };
		A5C0748B1BF6C8D900F23533 /* LunchtimeTests.xctest */ = {isa = PBXFileReference; explicitFileType = wrapper.cfbundle; includeInIndex = 0; path = LunchtimeTests.xctest; sourceTree = BUILT_PRODUCTS_DIR; };
		A5C0748F1BF6C8D900F23533 /* LunchtimeTests.m */ = {isa = PBXFileReference; lastKnownFileType = sourcecode.c.objc; path = LunchtimeTests.m; sourceTree = "<group>"; };
		A5C074911BF6C8D900F23533 /* Info.plist */ = {isa = PBXFileReference; lastKnownFileType = text.plist.xml; path = Info.plist; sourceTree = "<group>"; };
		A5C0749D1BF6CA5F00F23533 /* Base */ = {isa = PBXFileReference; lastKnownFileType = file.storyboard; name = Base; path = Base.lproj/Setup.storyboard; sourceTree = "<group>"; };
		A5CE1B871BFBE901001B675E /* ConfigurationViewController.h */ = {isa = PBXFileReference; fileEncoding = 4; lastKnownFileType = sourcecode.c.h; name = ConfigurationViewController.h; path = Controller/ConfigurationViewController.h; sourceTree = "<group>"; };
		A5CE1B881BFBE901001B675E /* ConfigurationViewController.m */ = {isa = PBXFileReference; fileEncoding = 4; lastKnownFileType = sourcecode.c.objc; name = ConfigurationViewController.m; path = Controller/ConfigurationViewController.m; sourceTree = "<group>"; };
		A5E105951BF6DB2500C71023 /* HomeViewController.h */ = {isa = PBXFileReference; fileEncoding = 4; lastKnownFileType = sourcecode.c.h; name = HomeViewController.h; path = Controller/HomeViewController.h; sourceTree = "<group>"; };
		A5E105961BF6DB2500C71023 /* HomeViewController.m */ = {isa = PBXFileReference; fileEncoding = 4; lastKnownFileType = sourcecode.c.objc; name = HomeViewController.m; path = Controller/HomeViewController.m; sourceTree = "<group>"; };
		A5E105A21BF6F1AA00C71023 /* User.h */ = {isa = PBXFileReference; fileEncoding = 4; lastKnownFileType = sourcecode.c.h; name = User.h; path = Model/User.h; sourceTree = "<group>"; };
		A5E105A31BF6F1AA00C71023 /* User.m */ = {isa = PBXFileReference; fileEncoding = 4; lastKnownFileType = sourcecode.c.objc; name = User.m; path = Model/User.m; sourceTree = "<group>"; };
		A5E105A91BF7C95600C71023 /* MapKit.framework */ = {isa = PBXFileReference; lastKnownFileType = wrapper.framework; name = MapKit.framework; path = System/Library/Frameworks/MapKit.framework; sourceTree = SDKROOT; };
		A5F24A321BFE9A0800622940 /* CategoryPopoverViewController.swift */ = {isa = PBXFileReference; fileEncoding = 4; lastKnownFileType = sourcecode.swift; name = CategoryPopoverViewController.swift; path = Controller/CategoryPopoverViewController.swift; sourceTree = "<group>"; };
		FA2594B11BFA77C10083F624 /* Realm.framework */ = {isa = PBXFileReference; lastKnownFileType = wrapper.framework; name = Realm.framework; path = Carthage/Build/iOS/Realm.framework; sourceTree = SOURCE_ROOT; };
/* End PBXFileReference section */

/* Begin PBXFrameworksBuildPhase section */
		A5C0746F1BF6C8D900F23533 /* Frameworks */ = {
			isa = PBXFrameworksBuildPhase;
			buildActionMask = 2147483647;
			files = (
				FA2594B21BFA77C10083F624 /* Realm.framework in Frameworks */,
				A5E105AA1BF7C95600C71023 /* MapKit.framework in Frameworks */,
			);
			runOnlyForDeploymentPostprocessing = 0;
		};
		A5C074881BF6C8D900F23533 /* Frameworks */ = {
			isa = PBXFrameworksBuildPhase;
			buildActionMask = 2147483647;
			files = (
			);
			runOnlyForDeploymentPostprocessing = 0;
		};
/* End PBXFrameworksBuildPhase section */

/* Begin PBXGroup section */
		A50C5DDC1BFBBA53003E3516 /* Notification */ = {
			isa = PBXGroup;
			children = (
				A50C5DE01BFBBCAC003E3516 /* LunchtimeNotification.h */,
				A50C5DE11BFBBCAC003E3516 /* LunchtimeNotification.m */,
				A575591E1BFD502800BD8E37 /* EnjoyNotification.swift */,
			);
			name = Notification;
			sourceTree = "<group>";
		};
		A55FBB891BF94CBE00C30763 /* Location */ = {
			isa = PBXGroup;
			children = (
				A55FBBCB1BFA817F00C30763 /* LunchtimeMaps.h */,
				A55FBBCC1BFA817F00C30763 /* LunchtimeMaps.m */,
				A55FBB8A1BF94CF800C30763 /* LunchtimeLocationManager.h */,
				A55FBB8B1BF94CF800C30763 /* LunchtimeLocationManager.m */,
				A51E60831BFE4EC800F65055 /* LunchtimeGeocoder.swift */,
			);
			name = Location;
			sourceTree = "<group>";
		};
		A55FBBC31BFA6F7300C30763 /* View */ = {
			isa = PBXGroup;
			children = (
				A55FBBC71BFA70C200C30763 /* Helper */,
				A57559311BFD6E2700BD8E37 /* LunchtimeTableViewCell.swift */,
				A535BA451BFD2913005F93F4 /* CurrentRestaurantView.h */,
				A535BA461BFD2913005F93F4 /* CurrentRestaurantView.m */,
			);
			name = View;
			sourceTree = "<group>";
		};
		A55FBBC71BFA70C200C30763 /* Helper */ = {
			isa = PBXGroup;
			children = (
				A575592F1BFD6D5A00BD8E37 /* UIColor+Lunchtime.swift */,
			);
			name = Helper;
			sourceTree = "<group>";
		};
		A55FBBD41BFAA42D00C30763 /* API */ = {
			isa = PBXGroup;
			children = (
				A55FBBD51BFAA43900C30763 /* FoursquareAPI.h */,
				A55FBBD61BFAA43900C30763 /* FoursquareAPI.m */,
			);
			name = API;
			sourceTree = "<group>";
		};
		A55FBBD81BFAD06200C30763 /* Lib */ = {
			isa = PBXGroup;
			children = (
				A50C5DDA1BFBB3C2003E3516 /* UIAlertController+Extras.swift */,
			);
			name = Lib;
			sourceTree = "<group>";
		};
		A55FBBDF1BFAD56F00C30763 /* Convenience */ = {
			isa = PBXGroup;
			children = (
				A55FBBDC1BFAD56A00C30763 /* Realm+Convenience.h */,
				A55FBBDD1BFAD56A00C30763 /* Realm+Convenience.m */,
			);
			name = Convenience;
			sourceTree = "<group>";
		};
		A5C074691BF6C8D900F23533 = {
			isa = PBXGroup;
			children = (
				A5C074741BF6C8D900F23533 /* Lunchtime */,
				A5C0748E1BF6C8D900F23533 /* LunchtimeTests */,
				A5E105A61BF6F29C00C71023 /* Frameworks */,
				A5C074731BF6C8D900F23533 /* Products */,
			);
			sourceTree = "<group>";
		};
		A5C074731BF6C8D900F23533 /* Products */ = {
			isa = PBXGroup;
			children = (
				A5C074721BF6C8D900F23533 /* Lunchtime.app */,
				A5C0748B1BF6C8D900F23533 /* LunchtimeTests.xctest */,
			);
			name = Products;
			sourceTree = "<group>";
		};
		A5C074741BF6C8D900F23533 /* Lunchtime */ = {
			isa = PBXGroup;
			children = (
				A5C074781BF6C8D900F23533 /* AppDelegate.h */,
				A5C074791BF6C8D900F23533 /* AppDelegate.m */,
				A55FBBD81BFAD06200C30763 /* Lib */,
				A5C0749B1BF6CA4600F23533 /* UI */,
				A5E105A11BF6F19000C71023 /* Model */,
				A55FBBC31BFA6F7300C30763 /* View */,
				A5C0749A1BF6C94D00F23533 /* Controller */,
				A5C0747E1BF6C8D900F23533 /* Main.storyboard */,
				A5C074751BF6C8D900F23533 /* Supporting Files */,
			);
			path = Lunchtime;
			sourceTree = "<group>";
		};
		A5C074751BF6C8D900F23533 /* Supporting Files */ = {
			isa = PBXGroup;
			children = (
				A57559221BFD52EE00BD8E37 /* Lunchtime-Bridging-Header.h */,
				A5C074831BF6C8D900F23533 /* LaunchScreen.storyboard */,
				A5C074861BF6C8D900F23533 /* Info.plist */,
				A5C074811BF6C8D900F23533 /* Assets.xcassets */,
				A5C074761BF6C8D900F23533 /* main.m */,
			);
			name = "Supporting Files";
			sourceTree = "<group>";
		};
		A5C0748E1BF6C8D900F23533 /* LunchtimeTests */ = {
			isa = PBXGroup;
			children = (
				A5C0748F1BF6C8D900F23533 /* LunchtimeTests.m */,
				A5C074911BF6C8D900F23533 /* Info.plist */,
			);
			path = LunchtimeTests;
			sourceTree = "<group>";
		};
		A5C0749A1BF6C94D00F23533 /* Controller */ = {
			isa = PBXGroup;
			children = (
				A5E105831BF6CFA300C71023 /* Setup */,
				A5E105951BF6DB2500C71023 /* HomeViewController.h */,
				A5E105961BF6DB2500C71023 /* HomeViewController.m */,
				A5F24A321BFE9A0800622940 /* CategoryPopoverViewController.swift */,
				A55FBB861BF930C200C30763 /* PreviousDaysTableViewController.h */,
				A55FBB871BF930C200C30763 /* PreviousDaysTableViewController.m */,
				A55FBBCE1BFA934B00C30763 /* PreviousDaysMapViewController.h */,
				A55FBBCF1BFA934B00C30763 /* PreviousDaysMapViewController.m */,
				A5CE1B871BFBE901001B675E /* ConfigurationViewController.h */,
				A5CE1B881BFBE901001B675E /* ConfigurationViewController.m */,
			);
			name = Controller;
			sourceTree = "<group>";
		};
		A5C0749B1BF6CA4600F23533 /* UI */ = {
			isa = PBXGroup;
			children = (
				A5C0749C1BF6CA5F00F23533 /* Setup.storyboard */,
				A535BA421BFD205E005F93F4 /* CurrentRestaurantView.xib */,
			);
			name = UI;
			sourceTree = "<group>";
		};
		A5E105831BF6CFA300C71023 /* Setup */ = {
			isa = PBXGroup;
			children = (
				A57559201BFD52B600BD8E37 /* SetupPageViewController.swift */,
				A5E105911BF6DAEB00C71023 /* Pages */,
			);
			name = Setup;
			sourceTree = "<group>";
		};
		A5E105911BF6DAEB00C71023 /* Pages */ = {
			isa = PBXGroup;
			children = (
				A57559231BFD5EF000BD8E37 /* SetupPageFirstViewController.swift */,
				A57559251BFD5F8600BD8E37 /* SetupPageSecondViewController.swift */,
				A57559271BFD658F00BD8E37 /* SetupPageThirdViewController.swift */,
				A57559291BFD665800BD8E37 /* SetupPageFourthViewController.swift */,
				A575592B1BFD670500BD8E37 /* SetupPageFifthViewController.swift */,
				A575592D1BFD68E400BD8E37 /* SetupPageSixthViewController.swift */,
			);
			name = Pages;
			sourceTree = "<group>";
		};
		A5E105A11BF6F19000C71023 /* Model */ = {
			isa = PBXGroup;
			children = (
				A55FBBDF1BFAD56F00C30763 /* Convenience */,
				A55FBBD41BFAA42D00C30763 /* API */,
				A50C5DDC1BFBBA53003E3516 /* Notification */,
				A55FBB891BF94CBE00C30763 /* Location */,
				A5E105A21BF6F1AA00C71023 /* User.h */,
				A5E105A31BF6F1AA00C71023 /* User.m */,
				A55FBBD11BFAA42300C30763 /* Restaurant.h */,
				A55FBBD21BFAA42300C30763 /* Restaurant.m */,
			);
			name = Model;
			sourceTree = "<group>";
		};
		A5E105A61BF6F29C00C71023 /* Frameworks */ = {
			isa = PBXGroup;
			children = (
				FA2594B11BFA77C10083F624 /* Realm.framework */,
				A5E105A91BF7C95600C71023 /* MapKit.framework */,
			);
			name = Frameworks;
			path = Lunchtime;
			sourceTree = "<group>";
		};
/* End PBXGroup section */

/* Begin PBXNativeTarget section */
		A5C074711BF6C8D900F23533 /* Lunchtime */ = {
			isa = PBXNativeTarget;
			buildConfigurationList = A5C074941BF6C8D900F23533 /* Build configuration list for PBXNativeTarget "Lunchtime" */;
			buildPhases = (
				A5C0746E1BF6C8D900F23533 /* Sources */,
				A5C0746F1BF6C8D900F23533 /* Frameworks */,
				A5C074701BF6C8D900F23533 /* Resources */,
				A5E105A51BF6F27600C71023 /* ShellScript */,
			);
			buildRules = (
			);
			dependencies = (
			);
			name = Lunchtime;
			productName = Lunchtime;
			productReference = A5C074721BF6C8D900F23533 /* Lunchtime.app */;
			productType = "com.apple.product-type.application";
		};
		A5C0748A1BF6C8D900F23533 /* LunchtimeTests */ = {
			isa = PBXNativeTarget;
			buildConfigurationList = A5C074971BF6C8D900F23533 /* Build configuration list for PBXNativeTarget "LunchtimeTests" */;
			buildPhases = (
				A5C074871BF6C8D900F23533 /* Sources */,
				A5C074881BF6C8D900F23533 /* Frameworks */,
				A5C074891BF6C8D900F23533 /* Resources */,
			);
			buildRules = (
			);
			dependencies = (
				A5C0748D1BF6C8D900F23533 /* PBXTargetDependency */,
			);
			name = LunchtimeTests;
			productName = LunchtimeTests;
			productReference = A5C0748B1BF6C8D900F23533 /* LunchtimeTests.xctest */;
			productType = "com.apple.product-type.bundle.unit-test";
		};
/* End PBXNativeTarget section */

/* Begin PBXProject section */
		A5C0746A1BF6C8D900F23533 /* Project object */ = {
			isa = PBXProject;
			attributes = {
				LastUpgradeCheck = 0710;
				ORGANIZATIONNAME = "Cosmic Labs";
				TargetAttributes = {
					A5C074711BF6C8D900F23533 = {
						CreatedOnToolsVersion = 7.1;
						SystemCapabilities = {
							com.apple.BackgroundModes = {
								enabled = 1;
							};
						};
					};
					A5C0748A1BF6C8D900F23533 = {
						CreatedOnToolsVersion = 7.1;
						TestTargetID = A5C074711BF6C8D900F23533;
					};
				};
			};
			buildConfigurationList = A5C0746D1BF6C8D900F23533 /* Build configuration list for PBXProject "Lunchtime" */;
			compatibilityVersion = "Xcode 3.2";
			developmentRegion = English;
			hasScannedForEncodings = 0;
			knownRegions = (
				en,
				Base,
			);
			mainGroup = A5C074691BF6C8D900F23533;
			productRefGroup = A5C074731BF6C8D900F23533 /* Products */;
			projectDirPath = "";
			projectRoot = "";
			targets = (
				A5C074711BF6C8D900F23533 /* Lunchtime */,
				A5C0748A1BF6C8D900F23533 /* LunchtimeTests */,
			);
		};
/* End PBXProject section */

/* Begin PBXResourcesBuildPhase section */
		A5C074701BF6C8D900F23533 /* Resources */ = {
			isa = PBXResourcesBuildPhase;
			buildActionMask = 2147483647;
			files = (
				A535BA441BFD205E005F93F4 /* CurrentRestaurantView.xib in Resources */,
				A5C0749E1BF6CA5F00F23533 /* Setup.storyboard in Resources */,
				A5C074851BF6C8D900F23533 /* LaunchScreen.storyboard in Resources */,
				A5C074821BF6C8D900F23533 /* Assets.xcassets in Resources */,
				A5C074801BF6C8D900F23533 /* Main.storyboard in Resources */,
			);
			runOnlyForDeploymentPostprocessing = 0;
		};
		A5C074891BF6C8D900F23533 /* Resources */ = {
			isa = PBXResourcesBuildPhase;
			buildActionMask = 2147483647;
			files = (
			);
			runOnlyForDeploymentPostprocessing = 0;
		};
/* End PBXResourcesBuildPhase section */

/* Begin PBXShellScriptBuildPhase section */
		A5E105A51BF6F27600C71023 /* ShellScript */ = {
			isa = PBXShellScriptBuildPhase;
			buildActionMask = 2147483647;
			files = (
			);
			inputPaths = (
				"$(SRCROOT)/Carthage/Build/iOS/Realm.framework",
			);
			outputPaths = (
			);
			runOnlyForDeploymentPostprocessing = 0;
			shellPath = /bin/sh;
			shellScript = "/usr/local/bin/carthage copy-frameworks";
		};
/* End PBXShellScriptBuildPhase section */

/* Begin PBXSourcesBuildPhase section */
		A5C0746E1BF6C8D900F23533 /* Sources */ = {
			isa = PBXSourcesBuildPhase;
			buildActionMask = 2147483647;
			files = (
				A5E105A41BF6F1AA00C71023 /* User.m in Sources */,
				A5F24A331BFE9A0800622940 /* CategoryPopoverViewController.swift in Sources */,
				A55FBBD31BFAA42300C30763 /* Restaurant.m in Sources */,
				A57559211BFD52B600BD8E37 /* SetupPageViewController.swift in Sources */,
				A57559321BFD6E2700BD8E37 /* LunchtimeTableViewCell.swift in Sources */,
				A55FBB8C1BF94CF800C30763 /* LunchtimeLocationManager.m in Sources */,
				A575592C1BFD670500BD8E37 /* SetupPageFifthViewController.swift in Sources */,
				A5CE1B891BFBE901001B675E /* ConfigurationViewController.m in Sources */,
				A57559261BFD5F8600BD8E37 /* SetupPageSecondViewController.swift in Sources */,
				A57559301BFD6D5A00BD8E37 /* UIColor+Lunchtime.swift in Sources */,
				A55FBBDE1BFAD56A00C30763 /* Realm+Convenience.m in Sources */,
				A55FBBCD1BFA817F00C30763 /* LunchtimeMaps.m in Sources */,
				A51E60841BFE4EC800F65055 /* LunchtimeGeocoder.swift in Sources */,
				A55FBB881BF930C200C30763 /* PreviousDaysTableViewController.m in Sources */,
				A55FBBD71BFAA43900C30763 /* FoursquareAPI.m in Sources */,
				A575592E1BFD68E400BD8E37 /* SetupPageSixthViewController.swift in Sources */,
				A55FBBD01BFA934B00C30763 /* PreviousDaysMapViewController.m in Sources */,
				A50C5DDB1BFBB3C2003E3516 /* UIAlertController+Extras.swift in Sources */,
				A575592A1BFD665800BD8E37 /* SetupPageFourthViewController.swift in Sources */,
				A50C5DE21BFBBCAC003E3516 /* LunchtimeNotification.m in Sources */,
				A575591F1BFD502800BD8E37 /* EnjoyNotification.swift in Sources */,
				A5C0747A1BF6C8D900F23533 /* AppDelegate.m in Sources */,
				A5C074771BF6C8D900F23533 /* main.m in Sources */,
				A5E105991BF6DB2500C71023 /* HomeViewController.m in Sources */,
				A57559241BFD5EF000BD8E37 /* SetupPageFirstViewController.swift in Sources */,
				A57559281BFD658F00BD8E37 /* SetupPageThirdViewController.swift in Sources */,
				A535BA471BFD2913005F93F4 /* CurrentRestaurantView.m in Sources */,
			);
			runOnlyForDeploymentPostprocessing = 0;
		};
		A5C074871BF6C8D900F23533 /* Sources */ = {
			isa = PBXSourcesBuildPhase;
			buildActionMask = 2147483647;
			files = (
				A5C074901BF6C8D900F23533 /* LunchtimeTests.m in Sources */,
			);
			runOnlyForDeploymentPostprocessing = 0;
		};
/* End PBXSourcesBuildPhase section */

/* Begin PBXTargetDependency section */
		A5C0748D1BF6C8D900F23533 /* PBXTargetDependency */ = {
			isa = PBXTargetDependency;
			target = A5C074711BF6C8D900F23533 /* Lunchtime */;
			targetProxy = A5C0748C1BF6C8D900F23533 /* PBXContainerItemProxy */;
		};
/* End PBXTargetDependency section */

/* Begin PBXVariantGroup section */
		A535BA421BFD205E005F93F4 /* CurrentRestaurantView.xib */ = {
			isa = PBXVariantGroup;
			children = (
				A535BA431BFD205E005F93F4 /* Base */,
			);
			name = CurrentRestaurantView.xib;
			sourceTree = "<group>";
		};
		A5C0747E1BF6C8D900F23533 /* Main.storyboard */ = {
			isa = PBXVariantGroup;
			children = (
				A5C0747F1BF6C8D900F23533 /* Base */,
			);
			name = Main.storyboard;
			sourceTree = "<group>";
		};
		A5C074831BF6C8D900F23533 /* LaunchScreen.storyboard */ = {
			isa = PBXVariantGroup;
			children = (
				A5C074841BF6C8D900F23533 /* Base */,
			);
			name = LaunchScreen.storyboard;
			sourceTree = "<group>";
		};
		A5C0749C1BF6CA5F00F23533 /* Setup.storyboard */ = {
			isa = PBXVariantGroup;
			children = (
				A5C0749D1BF6CA5F00F23533 /* Base */,
			);
			name = Setup.storyboard;
			sourceTree = "<group>";
		};
/* End PBXVariantGroup section */

/* Begin XCBuildConfiguration section */
		A5C074921BF6C8D900F23533 /* Debug */ = {
			isa = XCBuildConfiguration;
			buildSettings = {
				ALWAYS_SEARCH_USER_PATHS = NO;
				CLANG_CXX_LANGUAGE_STANDARD = "gnu++0x";
				CLANG_CXX_LIBRARY = "libc++";
				CLANG_ENABLE_MODULES = YES;
				CLANG_ENABLE_OBJC_ARC = YES;
				CLANG_WARN_BOOL_CONVERSION = YES;
				CLANG_WARN_CONSTANT_CONVERSION = YES;
				CLANG_WARN_DIRECT_OBJC_ISA_USAGE = YES_ERROR;
				CLANG_WARN_EMPTY_BODY = YES;
				CLANG_WARN_ENUM_CONVERSION = YES;
				CLANG_WARN_INT_CONVERSION = YES;
				CLANG_WARN_OBJC_ROOT_CLASS = YES_ERROR;
				CLANG_WARN_UNREACHABLE_CODE = YES;
				CLANG_WARN__DUPLICATE_METHOD_MATCH = YES;
				"CODE_SIGN_IDENTITY[sdk=iphoneos*]" = "iPhone Developer";
				COPY_PHASE_STRIP = NO;
				DEBUG_INFORMATION_FORMAT = dwarf;
				ENABLE_STRICT_OBJC_MSGSEND = YES;
				ENABLE_TESTABILITY = YES;
				GCC_C_LANGUAGE_STANDARD = gnu99;
				GCC_DYNAMIC_NO_PIC = NO;
				GCC_NO_COMMON_BLOCKS = YES;
				GCC_OPTIMIZATION_LEVEL = 0;
				GCC_PREPROCESSOR_DEFINITIONS = (
					"DEBUG=1",
					"$(inherited)",
				);
				GCC_WARN_64_TO_32_BIT_CONVERSION = YES;
				GCC_WARN_ABOUT_RETURN_TYPE = YES_ERROR;
				GCC_WARN_UNDECLARED_SELECTOR = YES;
				GCC_WARN_UNINITIALIZED_AUTOS = YES_AGGRESSIVE;
				GCC_WARN_UNUSED_FUNCTION = YES;
				GCC_WARN_UNUSED_VARIABLE = YES;
				IPHONEOS_DEPLOYMENT_TARGET = 9.1;
				MTL_ENABLE_DEBUG_INFO = YES;
				ONLY_ACTIVE_ARCH = YES;
				SDKROOT = iphoneos;
			};
			name = Debug;
		};
		A5C074931BF6C8D900F23533 /* Release */ = {
			isa = XCBuildConfiguration;
			buildSettings = {
				ALWAYS_SEARCH_USER_PATHS = NO;
				CLANG_CXX_LANGUAGE_STANDARD = "gnu++0x";
				CLANG_CXX_LIBRARY = "libc++";
				CLANG_ENABLE_MODULES = YES;
				CLANG_ENABLE_OBJC_ARC = YES;
				CLANG_WARN_BOOL_CONVERSION = YES;
				CLANG_WARN_CONSTANT_CONVERSION = YES;
				CLANG_WARN_DIRECT_OBJC_ISA_USAGE = YES_ERROR;
				CLANG_WARN_EMPTY_BODY = YES;
				CLANG_WARN_ENUM_CONVERSION = YES;
				CLANG_WARN_INT_CONVERSION = YES;
				CLANG_WARN_OBJC_ROOT_CLASS = YES_ERROR;
				CLANG_WARN_UNREACHABLE_CODE = YES;
				CLANG_WARN__DUPLICATE_METHOD_MATCH = YES;
				"CODE_SIGN_IDENTITY[sdk=iphoneos*]" = "iPhone Developer";
				COPY_PHASE_STRIP = NO;
				DEBUG_INFORMATION_FORMAT = "dwarf-with-dsym";
				ENABLE_NS_ASSERTIONS = NO;
				ENABLE_STRICT_OBJC_MSGSEND = YES;
				GCC_C_LANGUAGE_STANDARD = gnu99;
				GCC_NO_COMMON_BLOCKS = YES;
				GCC_WARN_64_TO_32_BIT_CONVERSION = YES;
				GCC_WARN_ABOUT_RETURN_TYPE = YES_ERROR;
				GCC_WARN_UNDECLARED_SELECTOR = YES;
				GCC_WARN_UNINITIALIZED_AUTOS = YES_AGGRESSIVE;
				GCC_WARN_UNUSED_FUNCTION = YES;
				GCC_WARN_UNUSED_VARIABLE = YES;
				IPHONEOS_DEPLOYMENT_TARGET = 9.1;
				MTL_ENABLE_DEBUG_INFO = NO;
				SDKROOT = iphoneos;
				VALIDATE_PRODUCT = YES;
			};
			name = Release;
		};
		A5C074951BF6C8D900F23533 /* Debug */ = {
			isa = XCBuildConfiguration;
			buildSettings = {
				ASSETCATALOG_COMPILER_APPICON_NAME = AppIcon;
				CLANG_ENABLE_MODULES = YES;
				FRAMEWORK_SEARCH_PATHS = (
					"$(inherited)",
					"$(PROJECT_DIR)/Carthage/Build/iOS",
				);
				INFOPLIST_FILE = Lunchtime/Info.plist;
				LD_RUNPATH_SEARCH_PATHS = "$(inherited) @executable_path/Frameworks";
				PRODUCT_BUNDLE_IDENTIFIER = ca.lighthouselabs.Lunchtime;
				PRODUCT_NAME = "$(TARGET_NAME)";
				SWIFT_OBJC_BRIDGING_HEADER = "Lunchtime/Lunchtime-Bridging-Header.h";
				SWIFT_OPTIMIZATION_LEVEL = "-Onone";
			};
			name = Debug;
		};
		A5C074961BF6C8D900F23533 /* Release */ = {
			isa = XCBuildConfiguration;
			buildSettings = {
				ASSETCATALOG_COMPILER_APPICON_NAME = AppIcon;
				CLANG_ENABLE_MODULES = YES;
				FRAMEWORK_SEARCH_PATHS = (
					"$(inherited)",
					"$(PROJECT_DIR)/Carthage/Build/iOS",
				);
				INFOPLIST_FILE = Lunchtime/Info.plist;
				LD_RUNPATH_SEARCH_PATHS = "$(inherited) @executable_path/Frameworks";
				PRODUCT_BUNDLE_IDENTIFIER = ca.lighthouselabs.Lunchtime;
				PRODUCT_NAME = "$(TARGET_NAME)";
				SWIFT_OBJC_BRIDGING_HEADER = "Lunchtime/Lunchtime-Bridging-Header.h";
			};
			name = Release;
		};
		A5C074981BF6C8D900F23533 /* Debug */ = {
			isa = XCBuildConfiguration;
			buildSettings = {
				BUNDLE_LOADER = "$(TEST_HOST)";
				INFOPLIST_FILE = LunchtimeTests/Info.plist;
				LD_RUNPATH_SEARCH_PATHS = "$(inherited) @executable_path/Frameworks @loader_path/Frameworks";
				PRODUCT_BUNDLE_IDENTIFIER = io.cosmiclabs.LunchtimeTests;
				PRODUCT_NAME = "$(TARGET_NAME)";
				TEST_HOST = "$(BUILT_PRODUCTS_DIR)/Lunchtime.app/Lunchtime";
			};
			name = Debug;
		};
		A5C074991BF6C8D900F23533 /* Release */ = {
			isa = XCBuildConfiguration;
			buildSettings = {
				BUNDLE_LOADER = "$(TEST_HOST)";
				INFOPLIST_FILE = LunchtimeTests/Info.plist;
				LD_RUNPATH_SEARCH_PATHS = "$(inherited) @executable_path/Frameworks @loader_path/Frameworks";
				PRODUCT_BUNDLE_IDENTIFIER = io.cosmiclabs.LunchtimeTests;
				PRODUCT_NAME = "$(TARGET_NAME)";
				TEST_HOST = "$(BUILT_PRODUCTS_DIR)/Lunchtime.app/Lunchtime";
			};
			name = Release;
		};
/* End XCBuildConfiguration section */

/* Begin XCConfigurationList section */
		A5C0746D1BF6C8D900F23533 /* Build configuration list for PBXProject "Lunchtime" */ = {
			isa = XCConfigurationList;
			buildConfigurations = (
				A5C074921BF6C8D900F23533 /* Debug */,
				A5C074931BF6C8D900F23533 /* Release */,
			);
			defaultConfigurationIsVisible = 0;
			defaultConfigurationName = Release;
		};
		A5C074941BF6C8D900F23533 /* Build configuration list for PBXNativeTarget "Lunchtime" */ = {
			isa = XCConfigurationList;
			buildConfigurations = (
				A5C074951BF6C8D900F23533 /* Debug */,
				A5C074961BF6C8D900F23533 /* Release */,
			);
			defaultConfigurationIsVisible = 0;
			defaultConfigurationName = Release;
		};
		A5C074971BF6C8D900F23533 /* Build configuration list for PBXNativeTarget "LunchtimeTests" */ = {
			isa = XCConfigurationList;
			buildConfigurations = (
				A5C074981BF6C8D900F23533 /* Debug */,
				A5C074991BF6C8D900F23533 /* Release */,
			);
			defaultConfigurationIsVisible = 0;
			defaultConfigurationName = Release;
		};
/* End XCConfigurationList section */
	};
	rootObject = A5C0746A1BF6C8D900F23533 /* Project object */;
}
